
Microsoft Visual Studio Solution File, Format Version 12.00
# Visual Studio Version 17
VisualStudioVersion = 17.0.32014.148
MinimumVisualStudioVersion = 10.0.40219.1
Project("{9A19103F-16F7-4668-BE54-9A1E7A4F7556}") = "Algorithms-CSharp", "Algorithms-CSharp\Algorithms-CSharp.csproj", "{68B6691B-4E39-45F6-8331-EA63F71D06B0}"
EndProject
Project("{9A19103F-16F7-4668-BE54-9A1E7A4F7556}") = "Algorithms-DataStruct-Lib", "Algorithms-DataStruct-Lib\Algorithms-DataStruct-Lib.csproj", "{68BA6D63-3055-45DC-A2E9-CDE08FA49784}"
EndProject
Project("{9A19103F-16F7-4668-BE54-9A1E7A4F7556}") = "Algorithms-DataStruct-Lib.Tests", "NUnit_Tests\Algorithms-DataStruct-Lib.Tests.csproj", "{6C2BABEA-63CB-4EB9-826D-74EF3772887F}"
EndProject
Project("{2150E333-8FDC-42A3-9474-1A3956D46DE8}") = "Solution Items", "Solution Items", "{352A90B0-E440-44A9-9F1B-2BEFDC91F215}"
	ProjectSection(SolutionItems) = preProject
		.gitignore = .gitignore
	EndProjectSection
EndProject
Global
	GlobalSection(SolutionConfigurationPlatforms) = preSolution
		Debug|Any CPU = Debug|Any CPU
		Release|Any CPU = Release|Any CPU
	EndGlobalSection
	GlobalSection(ProjectConfigurationPlatforms) = postSolution
		{68B6691B-4E39-45F6-8331-EA63F71D06B0}.Debug|Any CPU.ActiveCfg = Debug|Any CPU
		{68B6691B-4E39-45F6-8331-EA63F71D06B0}.Debug|Any CPU.Build.0 = Debug|Any CPU
		{68B6691B-4E39-45F6-8331-EA63F71D06B0}.Release|Any CPU.ActiveCfg = Release|Any CPU
		{68B6691B-4E39-45F6-8331-EA63F71D06B0}.Release|Any CPU.Build.0 = Release|Any CPU
		{68BA6D63-3055-45DC-A2E9-CDE08FA49784}.Debug|Any CPU.ActiveCfg = Debug|Any CPU
		{68BA6D63-3055-45DC-A2E9-CDE08FA49784}.Debug|Any CPU.Build.0 = Debug|Any CPU
		{68BA6D63-3055-45DC-A2E9-CDE08FA49784}.Release|Any CPU.ActiveCfg = Release|Any CPU
		{68BA6D63-3055-45DC-A2E9-CDE08FA49784}.Release|Any CPU.Build.0 = Release|Any CPU
		{6C2BABEA-63CB-4EB9-826D-74EF3772887F}.Debug|Any CPU.ActiveCfg = Debug|Any CPU
		{6C2BABEA-63CB-4EB9-826D-74EF3772887F}.Debug|Any CPU.Build.0 = Debug|Any CPU
		{6C2BABEA-63CB-4EB9-826D-74EF3772887F}.Release|Any CPU.ActiveCfg = Release|Any CPU
		{6C2BABEA-63CB-4EB9-826D-74EF3772887F}.Release|Any CPU.Build.0 = Release|Any CPU
	EndGlobalSection
	GlobalSection(SolutionProperties) = preSolution
		HideSolutionNode = FALSE
	EndGlobalSection
	GlobalSection(ExtensibilityGlobals) = postSolution
		SolutionGuid = {8A707D8B-2505-4770-8CA9-F6F9578AEB9B}
	EndGlobalSection
EndGlobal
